
Microsoft Visual Studio Solution File, Format Version 12.00
# Visual Studio Version 16
VisualStudioVersion = 16.0.33214.272
MinimumVisualStudioVersion = 10.0.40219.1
Project("{FAE04EC0-301F-11D3-BF4B-00C04F79EFBC}") = "GitHubShow_3_3_23", "GitHubShow_3_3_23.csproj", "{0D91BB2F-798C-4353-9BAA-41E817D7F89B}"
EndProject
Global
	GlobalSection(SolutionConfigurationPlatforms) = preSolution
		Debug|Any CPU = Debug|Any CPU
		Release|Any CPU = Release|Any CPU
	EndGlobalSection
	GlobalSection(ProjectConfigurationPlatforms) = postSolution
		{0D91BB2F-798C-4353-9BAA-41E817D7F89B}.Debug|Any CPU.ActiveCfg = Debug|Any CPU
		{0D91BB2F-798C-4353-9BAA-41E817D7F89B}.Debug|Any CPU.Build.0 = Debug|Any CPU
		{0D91BB2F-798C-4353-9BAA-41E817D7F89B}.Release|Any CPU.ActiveCfg = Release|Any CPU
		{0D91BB2F-798C-4353-9BAA-41E817D7F89B}.Release|Any CPU.Build.0 = Release|Any CPU
	EndGlobalSection
	GlobalSection(SolutionProperties) = preSolution
		HideSolutionNode = FALSE
	EndGlobalSection
	GlobalSection(ExtensibilityGlobals) = postSolution
		SolutionGuid = {430F2E0F-C6FD-40E0-8F82-D1105DC9648E}
	EndGlobalSection
EndGlobal
